
Microsoft Visual Studio Solution File, Format Version 12.00
# Visual Studio 15
Project("{FAE04EC0-301F-11D3-BF4B-00C04F79EFBC}") = "Assembly-CSharp", "Assembly-CSharp.csproj", "{9E739F1B-2382-FE3F-2700-C972146ED6EF}"
EndProject
Global
	GlobalSection(SolutionConfigurationPlatforms) = preSolution
		Debug|Any CPU = Debug|Any CPU
		Release|Any CPU = Release|Any CPU
	EndGlobalSection
	GlobalSection(ProjectConfigurationPlatforms) = postSolution
		{9E739F1B-2382-FE3F-2700-C972146ED6EF}.Debug|Any CPU.ActiveCfg = Debug|Any CPU
		{9E739F1B-2382-FE3F-2700-C972146ED6EF}.Debug|Any CPU.Build.0 = Debug|Any CPU
		{9E739F1B-2382-FE3F-2700-C972146ED6EF}.Release|Any CPU.ActiveCfg = Release|Any CPU
		{9E739F1B-2382-FE3F-2700-C972146ED6EF}.Release|Any CPU.Build.0 = Release|Any CPU
	EndGlobalSection
	GlobalSection(SolutionProperties) = preSolution
		HideSolutionNode = FALSE
	EndGlobalSection
EndGlobal
